// !$*UTF8*$!
{
	archiveVersion = 1;
	classes = {
	};
	objectVersion = 50;
	objects = {

/* Begin PBXBuildFile section */
		AC8737612449F608007A59EF /* AppDelegate.swift in Sources */ = {isa = PBXBuildFile; fileRef = AC8737602449F608007A59EF /* AppDelegate.swift */; };
		AC8737652449F608007A59EF /* ViewController.swift in Sources */ = {isa = PBXBuildFile; fileRef = AC8737642449F608007A59EF /* ViewController.swift */; };
		AC8737682449F608007A59EF /* Main.storyboard in Resources */ = {isa = PBXBuildFile; fileRef = AC8737662449F608007A59EF /* Main.storyboard */; };
		AC87376A2449F609007A59EF /* Assets.xcassets in Resources */ = {isa = PBXBuildFile; fileRef = AC8737692449F609007A59EF /* Assets.xcassets */; };
		AC87376D2449F609007A59EF /* LaunchScreen.storyboard in Resources */ = {isa = PBXBuildFile; fileRef = AC87376B2449F609007A59EF /* LaunchScreen.storyboard */; };
		AC87378F2449F657007A59EF /* SivireSDK.h in Headers */ = {isa = PBXBuildFile; fileRef = AC87378D2449F657007A59EF /* SivireSDK.h */; settings = {ATTRIBUTES = (Public, ); }; };
		AC8737922449F657007A59EF /* SivireSDK.framework in Frameworks */ = {isa = PBXBuildFile; fileRef = AC87378B2449F657007A59EF /* SivireSDK.framework */; };
		AC8737932449F657007A59EF /* SivireSDK.framework in Embed Frameworks */ = {isa = PBXBuildFile; fileRef = AC87378B2449F657007A59EF /* SivireSDK.framework */; settings = {ATTRIBUTES = (CodeSignOnCopy, RemoveHeadersOnCopy, ); }; };
		AC8737982449F661007A59EF /* SivireSDK.swift in Sources */ = {isa = PBXBuildFile; fileRef = AC8737972449F660007A59EF /* SivireSDK.swift */; };
		ACEFDA42244AF12D00FFB09A /* PostGestureOperation.swift in Sources */ = {isa = PBXBuildFile; fileRef = ACEFDA41244AF12D00FFB09A /* PostGestureOperation.swift */; };
/* End PBXBuildFile section */

/* Begin PBXContainerItemProxy section */
		AC8737902449F657007A59EF /* PBXContainerItemProxy */ = {
			isa = PBXContainerItemProxy;
			containerPortal = AC8737552449F608007A59EF /* Project object */;
			proxyType = 1;
			remoteGlobalIDString = AC87378A2449F657007A59EF;
			remoteInfo = SivireSDK;
		};
/* End PBXContainerItemProxy section */

/* Begin PBXCopyFilesBuildPhase section */
		AC8737852449F62F007A59EF /* Embed Frameworks */ = {
			isa = PBXCopyFilesBuildPhase;
			buildActionMask = 2147483647;
			dstPath = "";
			dstSubfolderSpec = 10;
			files = (
				AC8737932449F657007A59EF /* SivireSDK.framework in Embed Frameworks */,
			);
			name = "Embed Frameworks";
			runOnlyForDeploymentPostprocessing = 0;
		};
/* End PBXCopyFilesBuildPhase section */

/* Begin PBXFileReference section */
		AC87375D2449F608007A59EF /* SivireDemo.app */ = {isa = PBXFileReference; explicitFileType = wrapper.application; includeInIndex = 0; path = SivireDemo.app; sourceTree = BUILT_PRODUCTS_DIR; };
		AC8737602449F608007A59EF /* AppDelegate.swift */ = {isa = PBXFileReference; lastKnownFileType = sourcecode.swift; path = AppDelegate.swift; sourceTree = "<group>"; };
		AC8737642449F608007A59EF /* ViewController.swift */ = {isa = PBXFileReference; lastKnownFileType = sourcecode.swift; path = ViewController.swift; sourceTree = "<group>"; };
		AC8737672449F608007A59EF /* Base */ = {isa = PBXFileReference; lastKnownFileType = file.storyboard; name = Base; path = Base.lproj/Main.storyboard; sourceTree = "<group>"; };
		AC8737692449F609007A59EF /* Assets.xcassets */ = {isa = PBXFileReference; lastKnownFileType = folder.assetcatalog; path = Assets.xcassets; sourceTree = "<group>"; };
		AC87376C2449F609007A59EF /* Base */ = {isa = PBXFileReference; lastKnownFileType = file.storyboard; name = Base; path = Base.lproj/LaunchScreen.storyboard; sourceTree = "<group>"; };
		AC87376E2449F609007A59EF /* Info.plist */ = {isa = PBXFileReference; lastKnownFileType = text.plist.xml; path = Info.plist; sourceTree = "<group>"; };
		AC87378B2449F657007A59EF /* SivireSDK.framework */ = {isa = PBXFileReference; explicitFileType = wrapper.framework; includeInIndex = 0; path = SivireSDK.framework; sourceTree = BUILT_PRODUCTS_DIR; };
		AC87378D2449F657007A59EF /* SivireSDK.h */ = {isa = PBXFileReference; lastKnownFileType = sourcecode.c.h; path = SivireSDK.h; sourceTree = "<group>"; };
		AC87378E2449F657007A59EF /* Info.plist */ = {isa = PBXFileReference; lastKnownFileType = text.plist.xml; path = Info.plist; sourceTree = "<group>"; };
		AC8737972449F660007A59EF /* SivireSDK.swift */ = {isa = PBXFileReference; lastKnownFileType = sourcecode.swift; path = SivireSDK.swift; sourceTree = "<group>"; };
		ACEFDA41244AF12D00FFB09A /* PostGestureOperation.swift */ = {isa = PBXFileReference; lastKnownFileType = sourcecode.swift; path = PostGestureOperation.swift; sourceTree = "<group>"; };
/* End PBXFileReference section */

/* Begin PBXFrameworksBuildPhase section */
		AC87375A2449F608007A59EF /* Frameworks */ = {
			isa = PBXFrameworksBuildPhase;
			buildActionMask = 2147483647;
			files = (
				AC8737922449F657007A59EF /* SivireSDK.framework in Frameworks */,
			);
			runOnlyForDeploymentPostprocessing = 0;
		};
		AC8737882449F657007A59EF /* Frameworks */ = {
			isa = PBXFrameworksBuildPhase;
			buildActionMask = 2147483647;
			files = (
			);
			runOnlyForDeploymentPostprocessing = 0;
		};
/* End PBXFrameworksBuildPhase section */

/* Begin PBXGroup section */
		AC8737542449F608007A59EF = {
			isa = PBXGroup;
			children = (
				AC87375F2449F608007A59EF /* SivireDemo */,
				AC87378C2449F657007A59EF /* SivireSDK */,
				AC87375E2449F608007A59EF /* Products */,
			);
			sourceTree = "<group>";
		};
		AC87375E2449F608007A59EF /* Products */ = {
			isa = PBXGroup;
			children = (
				AC87375D2449F608007A59EF /* SivireDemo.app */,
				AC87378B2449F657007A59EF /* SivireSDK.framework */,
			);
			name = Products;
			sourceTree = "<group>";
		};
		AC87375F2449F608007A59EF /* SivireDemo */ = {
			isa = PBXGroup;
			children = (
				AC8737602449F608007A59EF /* AppDelegate.swift */,
				AC8737642449F608007A59EF /* ViewController.swift */,
				AC8737662449F608007A59EF /* Main.storyboard */,
				AC8737692449F609007A59EF /* Assets.xcassets */,
				AC87376B2449F609007A59EF /* LaunchScreen.storyboard */,
				AC87376E2449F609007A59EF /* Info.plist */,
			);
			path = SivireDemo;
			sourceTree = "<group>";
		};
		AC87378C2449F657007A59EF /* SivireSDK */ = {
			isa = PBXGroup;
			children = (
				AC87378D2449F657007A59EF /* SivireSDK.h */,
				AC87378E2449F657007A59EF /* Info.plist */,
				AC8737972449F660007A59EF /* SivireSDK.swift */,
				ACEFDA41244AF12D00FFB09A /* PostGestureOperation.swift */,
			);
			path = SivireSDK;
			sourceTree = "<group>";
		};
/* End PBXGroup section */

/* Begin PBXHeadersBuildPhase section */
		AC8737862449F657007A59EF /* Headers */ = {
			isa = PBXHeadersBuildPhase;
			buildActionMask = 2147483647;
			files = (
				AC87378F2449F657007A59EF /* SivireSDK.h in Headers */,
			);
			runOnlyForDeploymentPostprocessing = 0;
		};
/* End PBXHeadersBuildPhase section */

/* Begin PBXNativeTarget section */
		AC87375C2449F608007A59EF /* SivireDemo */ = {
			isa = PBXNativeTarget;
			buildConfigurationList = AC8737712449F609007A59EF /* Build configuration list for PBXNativeTarget "SivireDemo" */;
			buildPhases = (
				AC8737592449F608007A59EF /* Sources */,
				AC87375A2449F608007A59EF /* Frameworks */,
				AC87375B2449F608007A59EF /* Resources */,
				AC8737852449F62F007A59EF /* Embed Frameworks */,
			);
			buildRules = (
			);
			dependencies = (
				AC8737912449F657007A59EF /* PBXTargetDependency */,
			);
			name = SivireDemo;
			productName = SivireDemo;
			productReference = AC87375D2449F608007A59EF /* SivireDemo.app */;
			productType = "com.apple.product-type.application";
		};
		AC87378A2449F657007A59EF /* SivireSDK */ = {
			isa = PBXNativeTarget;
			buildConfigurationList = AC8737942449F657007A59EF /* Build configuration list for PBXNativeTarget "SivireSDK" */;
			buildPhases = (
				AC8737862449F657007A59EF /* Headers */,
				AC8737872449F657007A59EF /* Sources */,
				AC8737882449F657007A59EF /* Frameworks */,
				AC8737892449F657007A59EF /* Resources */,
			);
			buildRules = (
			);
			dependencies = (
			);
			name = SivireSDK;
			productName = SivireSDK;
			productReference = AC87378B2449F657007A59EF /* SivireSDK.framework */;
			productType = "com.apple.product-type.framework";
		};
/* End PBXNativeTarget section */

/* Begin PBXProject section */
		AC8737552449F608007A59EF /* Project object */ = {
			isa = PBXProject;
			attributes = {
				LastSwiftUpdateCheck = 1140;
				LastUpgradeCheck = 1140;
				ORGANIZATIONNAME = "Mario Iannotta";
				TargetAttributes = {
					AC87375C2449F608007A59EF = {
						CreatedOnToolsVersion = 11.4;
					};
					AC87378A2449F657007A59EF = {
						CreatedOnToolsVersion = 11.4;
						LastSwiftMigration = 1140;
					};
				};
			};
			buildConfigurationList = AC8737582449F608007A59EF /* Build configuration list for PBXProject "SivireDemo" */;
			compatibilityVersion = "Xcode 9.3";
			developmentRegion = en;
			hasScannedForEncodings = 0;
			knownRegions = (
				en,
				Base,
			);
			mainGroup = AC8737542449F608007A59EF;
			productRefGroup = AC87375E2449F608007A59EF /* Products */;
			projectDirPath = "";
			projectRoot = "";
			targets = (
				AC87375C2449F608007A59EF /* SivireDemo */,
				AC87378A2449F657007A59EF /* SivireSDK */,
			);
		};
/* End PBXProject section */

/* Begin PBXResourcesBuildPhase section */
		AC87375B2449F608007A59EF /* Resources */ = {
			isa = PBXResourcesBuildPhase;
			buildActionMask = 2147483647;
			files = (
				AC87376D2449F609007A59EF /* LaunchScreen.storyboard in Resources */,
				AC87376A2449F609007A59EF /* Assets.xcassets in Resources */,
				AC8737682449F608007A59EF /* Main.storyboard in Resources */,
			);
			runOnlyForDeploymentPostprocessing = 0;
		};
		AC8737892449F657007A59EF /* Resources */ = {
			isa = PBXResourcesBuildPhase;
			buildActionMask = 2147483647;
			files = (
			);
			runOnlyForDeploymentPostprocessing = 0;
		};
/* End PBXResourcesBuildPhase section */

/* Begin PBXSourcesBuildPhase section */
		AC8737592449F608007A59EF /* Sources */ = {
			isa = PBXSourcesBuildPhase;
			buildActionMask = 2147483647;
			files = (
				AC8737652449F608007A59EF /* ViewController.swift in Sources */,
				AC8737612449F608007A59EF /* AppDelegate.swift in Sources */,
			);
			runOnlyForDeploymentPostprocessing = 0;
		};
		AC8737872449F657007A59EF /* Sources */ = {
			isa = PBXSourcesBuildPhase;
			buildActionMask = 2147483647;
			files = (
				AC8737982449F661007A59EF /* SivireSDK.swift in Sources */,
				ACEFDA42244AF12D00FFB09A /* PostGestureOperation.swift in Sources */,
			);
			runOnlyForDeploymentPostprocessing = 0;
		};
/* End PBXSourcesBuildPhase section */

/* Begin PBXTargetDependency section */
		AC8737912449F657007A59EF /* PBXTargetDependency */ = {
			isa = PBXTargetDependency;
			target = AC87378A2449F657007A59EF /* SivireSDK */;
			targetProxy = AC8737902449F657007A59EF /* PBXContainerItemProxy */;
		};
/* End PBXTargetDependency section */

/* Begin PBXVariantGroup section */
		AC8737662449F608007A59EF /* Main.storyboard */ = {
			isa = PBXVariantGroup;
			children = (
				AC8737672449F608007A59EF /* Base */,
			);
			name = Main.storyboard;
			sourceTree = "<group>";
		};
		AC87376B2449F609007A59EF /* LaunchScreen.storyboard */ = {
			isa = PBXVariantGroup;
			children = (
				AC87376C2449F609007A59EF /* Base */,
			);
			name = LaunchScreen.storyboard;
			sourceTree = "<group>";
		};
/* End PBXVariantGroup section */

/* Begin XCBuildConfiguration section */
		AC87376F2449F609007A59EF /* Debug */ = {
			isa = XCBuildConfiguration;
			buildSettings = {
				ALWAYS_SEARCH_USER_PATHS = NO;
				CLANG_ANALYZER_NONNULL = YES;
				CLANG_ANALYZER_NUMBER_OBJECT_CONVERSION = YES_AGGRESSIVE;
				CLANG_CXX_LANGUAGE_STANDARD = "gnu++14";
				CLANG_CXX_LIBRARY = "libc++";
				CLANG_ENABLE_MODULES = YES;
				CLANG_ENABLE_OBJC_ARC = YES;
				CLANG_ENABLE_OBJC_WEAK = YES;
				CLANG_WARN_BLOCK_CAPTURE_AUTORELEASING = YES;
				CLANG_WARN_BOOL_CONVERSION = YES;
				CLANG_WARN_COMMA = YES;
				CLANG_WARN_CONSTANT_CONVERSION = YES;
				CLANG_WARN_DEPRECATED_OBJC_IMPLEMENTATIONS = YES;
				CLANG_WARN_DIRECT_OBJC_ISA_USAGE = YES_ERROR;
				CLANG_WARN_DOCUMENTATION_COMMENTS = YES;
				CLANG_WARN_EMPTY_BODY = YES;
				CLANG_WARN_ENUM_CONVERSION = YES;
				CLANG_WARN_INFINITE_RECURSION = YES;
				CLANG_WARN_INT_CONVERSION = YES;
				CLANG_WARN_NON_LITERAL_NULL_CONVERSION = YES;
				CLANG_WARN_OBJC_IMPLICIT_RETAIN_SELF = YES;
				CLANG_WARN_OBJC_LITERAL_CONVERSION = YES;
				CLANG_WARN_OBJC_ROOT_CLASS = YES_ERROR;
				CLANG_WARN_RANGE_LOOP_ANALYSIS = YES;
				CLANG_WARN_STRICT_PROTOTYPES = YES;
				CLANG_WARN_SUSPICIOUS_MOVE = YES;
				CLANG_WARN_UNGUARDED_AVAILABILITY = YES_AGGRESSIVE;
				CLANG_WARN_UNREACHABLE_CODE = YES;
				CLANG_WARN__DUPLICATE_METHOD_MATCH = YES;
				COPY_PHASE_STRIP = NO;
				DEBUG_INFORMATION_FORMAT = dwarf;
				ENABLE_STRICT_OBJC_MSGSEND = YES;
				ENABLE_TESTABILITY = YES;
				GCC_C_LANGUAGE_STANDARD = gnu11;
				GCC_DYNAMIC_NO_PIC = NO;
				GCC_NO_COMMON_BLOCKS = YES;
				GCC_OPTIMIZATION_LEVEL = 0;
				GCC_PREPROCESSOR_DEFINITIONS = (
					"DEBUG=1",
					"$(inherited)",
				);
				GCC_WARN_64_TO_32_BIT_CONVERSION = YES;
				GCC_WARN_ABOUT_RETURN_TYPE = YES_ERROR;
				GCC_WARN_UNDECLARED_SELECTOR = YES;
				GCC_WARN_UNINITIALIZED_AUTOS = YES_AGGRESSIVE;
				GCC_WARN_UNUSED_FUNCTION = YES;
				GCC_WARN_UNUSED_VARIABLE = YES;
				IPHONEOS_DEPLOYMENT_TARGET = 11.0;
				MTL_ENABLE_DEBUG_INFO = INCLUDE_SOURCE;
				MTL_FAST_MATH = YES;
				ONLY_ACTIVE_ARCH = YES;
				SDKROOT = iphoneos;
				SWIFT_ACTIVE_COMPILATION_CONDITIONS = DEBUG;
				SWIFT_OPTIMIZATION_LEVEL = "-Onone";
			};
			name = Debug;
		};
		AC8737702449F609007A59EF /* Release */ = {
			isa = XCBuildConfiguration;
			buildSettings = {
				ALWAYS_SEARCH_USER_PATHS = NO;
				CLANG_ANALYZER_NONNULL = YES;
				CLANG_ANALYZER_NUMBER_OBJECT_CONVERSION = YES_AGGRESSIVE;
				CLANG_CXX_LANGUAGE_STANDARD = "gnu++14";
				CLANG_CXX_LIBRARY = "libc++";
				CLANG_ENABLE_MODULES = YES;
				CLANG_ENABLE_OBJC_ARC = YES;
				CLANG_ENABLE_OBJC_WEAK = YES;
				CLANG_WARN_BLOCK_CAPTURE_AUTORELEASING = YES;
				CLANG_WARN_BOOL_CONVERSION = YES;
				CLANG_WARN_COMMA = YES;
				CLANG_WARN_CONSTANT_CONVERSION = YES;
				CLANG_WARN_DEPRECATED_OBJC_IMPLEMENTATIONS = YES;
				CLANG_WARN_DIRECT_OBJC_ISA_USAGE = YES_ERROR;
				CLANG_WARN_DOCUMENTATION_COMMENTS = YES;
				CLANG_WARN_EMPTY_BODY = YES;
				CLANG_WARN_ENUM_CONVERSION = YES;
				CLANG_WARN_INFINITE_RECURSION = YES;
				CLANG_WARN_INT_CONVERSION = YES;
				CLANG_WARN_NON_LITERAL_NULL_CONVERSION = YES;
				CLANG_WARN_OBJC_IMPLICIT_RETAIN_SELF = YES;
				CLANG_WARN_OBJC_LITERAL_CONVERSION = YES;
				CLANG_WARN_OBJC_ROOT_CLASS = YES_ERROR;
				CLANG_WARN_RANGE_LOOP_ANALYSIS = YES;
				CLANG_WARN_STRICT_PROTOTYPES = YES;
				CLANG_WARN_SUSPICIOUS_MOVE = YES;
				CLANG_WARN_UNGUARDED_AVAILABILITY = YES_AGGRESSIVE;
				CLANG_WARN_UNREACHABLE_CODE = YES;
				CLANG_WARN__DUPLICATE_METHOD_MATCH = YES;
				COPY_PHASE_STRIP = NO;
				DEBUG_INFORMATION_FORMAT = "dwarf-with-dsym";
				ENABLE_NS_ASSERTIONS = NO;
				ENABLE_STRICT_OBJC_MSGSEND = YES;
				GCC_C_LANGUAGE_STANDARD = gnu11;
				GCC_NO_COMMON_BLOCKS = YES;
				GCC_WARN_64_TO_32_BIT_CONVERSION = YES;
				GCC_WARN_ABOUT_RETURN_TYPE = YES_ERROR;
				GCC_WARN_UNDECLARED_SELECTOR = YES;
				GCC_WARN_UNINITIALIZED_AUTOS = YES_AGGRESSIVE;
				GCC_WARN_UNUSED_FUNCTION = YES;
				GCC_WARN_UNUSED_VARIABLE = YES;
				IPHONEOS_DEPLOYMENT_TARGET = 11.0;
				MTL_ENABLE_DEBUG_INFO = NO;
				MTL_FAST_MATH = YES;
				SDKROOT = iphoneos;
				SWIFT_COMPILATION_MODE = wholemodule;
				SWIFT_OPTIMIZATION_LEVEL = "-O";
				VALIDATE_PRODUCT = YES;
			};
			name = Release;
		};
		AC8737722449F609007A59EF /* Debug */ = {
			isa = XCBuildConfiguration;
			buildSettings = {
				ALWAYS_EMBED_SWIFT_STANDARD_LIBRARIES = YES;
				ASSETCATALOG_COMPILER_APPICON_NAME = AppIcon;
				CODE_SIGN_STYLE = Automatic;
				DEVELOPMENT_TEAM = X9253HG4XT;
				INFOPLIST_FILE = SivireDemo/Info.plist;
				IPHONEOS_DEPLOYMENT_TARGET = 11.0;
				LD_RUNPATH_SEARCH_PATHS = (
					"$(inherited)",
					"@executable_path/Frameworks",
				);
				PRODUCT_BUNDLE_IDENTIFIER = com.marioiannotta.SivireDemo;
				PRODUCT_NAME = "$(TARGET_NAME)";
				SWIFT_VERSION = 5.0;
				TARGETED_DEVICE_FAMILY = "1,2";
			};
			name = Debug;
		};
		AC8737732449F609007A59EF /* Release */ = {
			isa = XCBuildConfiguration;
			buildSettings = {
				ALWAYS_EMBED_SWIFT_STANDARD_LIBRARIES = YES;
				ASSETCATALOG_COMPILER_APPICON_NAME = AppIcon;
				CODE_SIGN_STYLE = Automatic;
				DEVELOPMENT_TEAM = X9253HG4XT;
				INFOPLIST_FILE = SivireDemo/Info.plist;
				IPHONEOS_DEPLOYMENT_TARGET = 11.0;
				LD_RUNPATH_SEARCH_PATHS = (
					"$(inherited)",
					"@executable_path/Frameworks",
				);
				PRODUCT_BUNDLE_IDENTIFIER = com.marioiannotta.SivireDemo;
				PRODUCT_NAME = "$(TARGET_NAME)";
				SWIFT_VERSION = 5.0;
				TARGETED_DEVICE_FAMILY = "1,2";
			};
			name = Release;
		};
		AC8737952449F657007A59EF /* Debug */ = {
			isa = XCBuildConfiguration;
			buildSettings = {
				CLANG_ENABLE_MODULES = YES;
				CODE_SIGN_STYLE = Automatic;
				CURRENT_PROJECT_VERSION = 1;
				DEFINES_MODULE = YES;
				DEVELOPMENT_TEAM = X9253HG4XT;
				DYLIB_COMPATIBILITY_VERSION = 1;
				DYLIB_CURRENT_VERSION = 1;
				DYLIB_INSTALL_NAME_BASE = "@rpath";
				INFOPLIST_FILE = SivireSDK/Info.plist;
				INSTALL_PATH = "$(LOCAL_LIBRARY_DIR)/Frameworks";
				IPHONEOS_DEPLOYMENT_TARGET = 11.0;
				LD_RUNPATH_SEARCH_PATHS = (
					"$(inherited)",
					"@executable_path/Frameworks",
					"@loader_path/Frameworks",
				);
				PRODUCT_BUNDLE_IDENTIFIER = com.marioiannotta.SivireSDK;
				PRODUCT_NAME = "$(TARGET_NAME:c99extidentifier)";
				SKIP_INSTALL = YES;
				SWIFT_OPTIMIZATION_LEVEL = "-Onone";
				SWIFT_VERSION = 5.0;
				TARGETED_DEVICE_FAMILY = "1,2";
				VERSIONING_SYSTEM = "apple-generic";
				VERSION_INFO_PREFIX = "";
			};
			name = Debug;
		};
		AC8737962449F657007A59EF /* Release */ = {
			isa = XCBuildConfiguration;
			buildSettings = {
				CLANG_ENABLE_MODULES = YES;
				CODE_SIGN_STYLE = Automatic;
				CURRENT_PROJECT_VERSION = 1;
				DEFINES_MODULE = YES;
				DEVELOPMENT_TEAM = X9253HG4XT;
				DYLIB_COMPATIBILITY_VERSION = 1;
				DYLIB_CURRENT_VERSION = 1;
				DYLIB_INSTALL_NAME_BASE = "@rpath";
				INFOPLIST_FILE = SivireSDK/Info.plist;
				INSTALL_PATH = "$(LOCAL_LIBRARY_DIR)/Frameworks";
				IPHONEOS_DEPLOYMENT_TARGET = 11.0;
				LD_RUNPATH_SEARCH_PATHS = (
					"$(inherited)",
					"@executable_path/Frameworks",
					"@loader_path/Frameworks",
				);
				PRODUCT_BUNDLE_IDENTIFIER = com.marioiannotta.SivireSDK;
				PRODUCT_NAME = "$(TARGET_NAME:c99extidentifier)";
				SKIP_INSTALL = YES;
				SWIFT_VERSION = 5.0;
				TARGETED_DEVICE_FAMILY = "1,2";
				VERSIONING_SYSTEM = "apple-generic";
				VERSION_INFO_PREFIX = "";
			};
			name = Release;
		};
/* End XCBuildConfiguration section */

/* Begin XCConfigurationList section */
		AC8737582449F608007A59EF /* Build configuration list for PBXProject "SivireDemo" */ = {
			isa = XCConfigurationList;
			buildConfigurations = (
				AC87376F2449F609007A59EF /* Debug */,
				AC8737702449F609007A59EF /* Release */,
			);
			defaultConfigurationIsVisible = 0;
			defaultConfigurationName = Release;
		};
		AC8737712449F609007A59EF /* Build configuration list for PBXNativeTarget "SivireDemo" */ = {
			isa = XCConfigurationList;
			buildConfigurations = (
				AC8737722449F609007A59EF /* Debug */,
				AC8737732449F609007A59EF /* Release */,
			);
			defaultConfigurationIsVisible = 0;
			defaultConfigurationName = Release;
		};
		AC8737942449F657007A59EF /* Build configuration list for PBXNativeTarget "SivireSDK" */ = {
			isa = XCConfigurationList;
			buildConfigurations = (
				AC8737952449F657007A59EF /* Debug */,
				AC8737962449F657007A59EF /* Release */,
			);
			defaultConfigurationIsVisible = 0;
			defaultConfigurationName = Release;
		};
/* End XCConfigurationList section */
	};
	rootObject = AC8737552449F608007A59EF /* Project object */;
}
